
Microsoft Visual Studio Solution File, Format Version 12.00
# Visual Studio 15
VisualStudioVersion = 15.0.26228.4
MinimumVisualStudioVersion = 10.0.40219.1
Project("{FAE04EC0-301F-11D3-BF4B-00C04F79EFBC}") = "DATA", "DATA\DATA.csproj", "{A316E756-A89D-4239-BEEA-B5476AA4912F}"
EndProject
Project("{FAE04EC0-301F-11D3-BF4B-00C04F79EFBC}") = "REPOSITORY", "REPOSITORY\REPOSITORY.csproj", "{4DA0EF0B-B34C-42D6-A5E7-E4CCB37B5358}"
EndProject
Project("{FAE04EC0-301F-11D3-BF4B-00C04F79EFBC}") = "ENTITY", "ENTITY\ENTITY.csproj", "{526AE2DD-10B8-48DC-A338-F1466BB00B33}"
EndProject
Project("{FAE04EC0-301F-11D3-BF4B-00C04F79EFBC}") = "UTILITY", "UTILITY\UTILITY.csproj", "{895AF898-502B-4FF5-81C8-6642F4AA6E5E}"
EndProject
Project("{FAE04EC0-301F-11D3-BF4B-00C04F79EFBC}") = "LOGIC", "LOGIC\LOGIC.csproj", "{ACA5A161-6ED5-42B2-8528-F608D54FB413}"
EndProject
Project("{FAE04EC0-301F-11D3-BF4B-00C04F79EFBC}") = "PRESENTER", "PRESENTER\PRESENTER.csproj", "{2E5F890B-00AC-4D04-B18D-9FE38F6EBDFA}"
	ProjectSection(ProjectDependencies) = postProject
		{BE065BD3-70DE-4F43-8445-42287986004D} = {BE065BD3-70DE-4F43-8445-42287986004D}
	EndProjectSection
EndProject
Project("{FAE04EC0-301F-11D3-BF4B-00C04F79EFBC}") = "SERVICE", "SERVICE\SERVICE.csproj", "{BE065BD3-70DE-4F43-8445-42287986004D}"
EndProject
Project("{FAE04EC0-301F-11D3-BF4B-00C04F79EFBC}") = "MODEL", "MODEL\MODEL.csproj", "{743F00C3-58F7-46FB-8D14-687467B97BE6}"
EndProject
Global
	GlobalSection(SolutionConfigurationPlatforms) = preSolution
		Debug|Any CPU = Debug|Any CPU
		Release|Any CPU = Release|Any CPU
	EndGlobalSection
	GlobalSection(ProjectConfigurationPlatforms) = postSolution
		{A316E756-A89D-4239-BEEA-B5476AA4912F}.Debug|Any CPU.ActiveCfg = Debug|Any CPU
		{A316E756-A89D-4239-BEEA-B5476AA4912F}.Debug|Any CPU.Build.0 = Debug|Any CPU
		{A316E756-A89D-4239-BEEA-B5476AA4912F}.Release|Any CPU.ActiveCfg = Release|Any CPU
		{A316E756-A89D-4239-BEEA-B5476AA4912F}.Release|Any CPU.Build.0 = Release|Any CPU
		{4DA0EF0B-B34C-42D6-A5E7-E4CCB37B5358}.Debug|Any CPU.ActiveCfg = Debug|Any CPU
		{4DA0EF0B-B34C-42D6-A5E7-E4CCB37B5358}.Debug|Any CPU.Build.0 = Debug|Any CPU
		{4DA0EF0B-B34C-42D6-A5E7-E4CCB37B5358}.Release|Any CPU.ActiveCfg = Release|Any CPU
		{4DA0EF0B-B34C-42D6-A5E7-E4CCB37B5358}.Release|Any CPU.Build.0 = Release|Any CPU
		{526AE2DD-10B8-48DC-A338-F1466BB00B33}.Debug|Any CPU.ActiveCfg = Debug|Any CPU
		{526AE2DD-10B8-48DC-A338-F1466BB00B33}.Debug|Any CPU.Build.0 = Debug|Any CPU
		{526AE2DD-10B8-48DC-A338-F1466BB00B33}.Release|Any CPU.ActiveCfg = Release|Any CPU
		{526AE2DD-10B8-48DC-A338-F1466BB00B33}.Release|Any CPU.Build.0 = Release|Any CPU
		{895AF898-502B-4FF5-81C8-6642F4AA6E5E}.Debug|Any CPU.ActiveCfg = Debug|Any CPU
		{895AF898-502B-4FF5-81C8-6642F4AA6E5E}.Debug|Any CPU.Build.0 = Debug|Any CPU
		{895AF898-502B-4FF5-81C8-6642F4AA6E5E}.Release|Any CPU.ActiveCfg = Release|Any CPU
		{895AF898-502B-4FF5-81C8-6642F4AA6E5E}.Release|Any CPU.Build.0 = Release|Any CPU
		{ACA5A161-6ED5-42B2-8528-F608D54FB413}.Debug|Any CPU.ActiveCfg = Debug|Any CPU
		{ACA5A161-6ED5-42B2-8528-F608D54FB413}.Debug|Any CPU.Build.0 = Debug|Any CPU
		{ACA5A161-6ED5-42B2-8528-F608D54FB413}.Release|Any CPU.ActiveCfg = Release|Any CPU
		{ACA5A161-6ED5-42B2-8528-F608D54FB413}.Release|Any CPU.Build.0 = Release|Any CPU
		{2E5F890B-00AC-4D04-B18D-9FE38F6EBDFA}.Debug|Any CPU.ActiveCfg = Debug|Any CPU
		{2E5F890B-00AC-4D04-B18D-9FE38F6EBDFA}.Debug|Any CPU.Build.0 = Debug|Any CPU
		{2E5F890B-00AC-4D04-B18D-9FE38F6EBDFA}.Release|Any CPU.ActiveCfg = Release|Any CPU
		{2E5F890B-00AC-4D04-B18D-9FE38F6EBDFA}.Release|Any CPU.Build.0 = Release|Any CPU
		{BE065BD3-70DE-4F43-8445-42287986004D}.Debug|Any CPU.ActiveCfg = Debug|Any CPU
		{BE065BD3-70DE-4F43-8445-42287986004D}.Debug|Any CPU.Build.0 = Debug|Any CPU
		{BE065BD3-70DE-4F43-8445-42287986004D}.Release|Any CPU.ActiveCfg = Release|Any CPU
		{BE065BD3-70DE-4F43-8445-42287986004D}.Release|Any CPU.Build.0 = Release|Any CPU
		{743F00C3-58F7-46FB-8D14-687467B97BE6}.Debug|Any CPU.ActiveCfg = Debug|Any CPU
		{743F00C3-58F7-46FB-8D14-687467B97BE6}.Debug|Any CPU.Build.0 = Debug|Any CPU
		{743F00C3-58F7-46FB-8D14-687467B97BE6}.Release|Any CPU.ActiveCfg = Release|Any CPU
		{743F00C3-58F7-46FB-8D14-687467B97BE6}.Release|Any CPU.Build.0 = Release|Any CPU
	EndGlobalSection
	GlobalSection(SolutionProperties) = preSolution
		HideSolutionNode = FALSE
	EndGlobalSection
EndGlobal
